
Microsoft Visual Studio Solution File, Format Version 12.00
# Visual Studio 15
VisualStudioVersion = 15.0.28307.168
MinimumVisualStudioVersion = 10.0.40219.1
Project("{FAE04EC0-301F-11D3-BF4B-00C04F79EFBC}") = "Lab02-UnitTesting", "Lab02-UnitTesting\Lab02-UnitTesting.csproj", "{3E1FF11C-425D-48EB-BFDA-7D8CDF945678}"
EndProject
Global
	GlobalSection(SolutionConfigurationPlatforms) = preSolution
		Debug|Any CPU = Debug|Any CPU
		Release|Any CPU = Release|Any CPU
	EndGlobalSection
	GlobalSection(ProjectConfigurationPlatforms) = postSolution
		{3E1FF11C-425D-48EB-BFDA-7D8CDF945678}.Debug|Any CPU.ActiveCfg = Debug|Any CPU
		{3E1FF11C-425D-48EB-BFDA-7D8CDF945678}.Debug|Any CPU.Build.0 = Debug|Any CPU
		{3E1FF11C-425D-48EB-BFDA-7D8CDF945678}.Release|Any CPU.ActiveCfg = Release|Any CPU
		{3E1FF11C-425D-48EB-BFDA-7D8CDF945678}.Release|Any CPU.Build.0 = Release|Any CPU
	EndGlobalSection
	GlobalSection(SolutionProperties) = preSolution
		HideSolutionNode = FALSE
	EndGlobalSection
	GlobalSection(ExtensibilityGlobals) = postSolution
		SolutionGuid = {26E1F3E4-BDC5-4856-89F9-7762AB854078}
	EndGlobalSection
EndGlobal
